// !$*UTF8*$!
{
	archiveVersion = 1;
	classes = {
	};
	objectVersion = 56;
	objects = {

/* Begin PBXBuildFile section */
		1959CD852B0C212900EB693E /* BlurViewController.swift in Sources */ = {isa = PBXBuildFile; fileRef = 1959CD842B0C212900EB693E /* BlurViewController.swift */; };
		1959CD872B0C2AB000EB693E /* SepiaViewController.swift in Sources */ = {isa = PBXBuildFile; fileRef = 1959CD862B0C2AB000EB693E /* SepiaViewController.swift */; };
		1959CD892B0C346900EB693E /* InvertViewController.swift in Sources */ = {isa = PBXBuildFile; fileRef = 1959CD882B0C346900EB693E /* InvertViewController.swift */; };
		19C8CC2A2B0A54DB00B9D374 /* AppDelegate.swift in Sources */ = {isa = PBXBuildFile; fileRef = 19C8CC292B0A54DB00B9D374 /* AppDelegate.swift */; };
		19C8CC2C2B0A54DB00B9D374 /* SceneDelegate.swift in Sources */ = {isa = PBXBuildFile; fileRef = 19C8CC2B2B0A54DB00B9D374 /* SceneDelegate.swift */; };
		19C8CC312B0A54DB00B9D374 /* Main.storyboard in Resources */ = {isa = PBXBuildFile; fileRef = 19C8CC2F2B0A54DB00B9D374 /* Main.storyboard */; };
		19C8CC332B0A54DC00B9D374 /* Assets.xcassets in Resources */ = {isa = PBXBuildFile; fileRef = 19C8CC322B0A54DC00B9D374 /* Assets.xcassets */; };
		19C8CC362B0A54DC00B9D374 /* LaunchScreen.storyboard in Resources */ = {isa = PBXBuildFile; fileRef = 19C8CC342B0A54DC00B9D374 /* LaunchScreen.storyboard */; };
		19EACB082B0A848800ECE599 /* FilterCell.swift in Sources */ = {isa = PBXBuildFile; fileRef = 19EACB072B0A848800ECE599 /* FilterCell.swift */; };
		19EACB0A2B0A857300ECE599 /* FilterListViewController.swift in Sources */ = {isa = PBXBuildFile; fileRef = 19EACB092B0A857300ECE599 /* FilterListViewController.swift */; };
		19EACB0F2B0AC53000ECE599 /* ErrorBlurViewController.swift in Sources */ = {isa = PBXBuildFile; fileRef = 19EACB0E2B0AC53000ECE599 /* ErrorBlurViewController.swift */; };
		19EACB112B0AC54700ECE599 /* FilterViewController.swift in Sources */ = {isa = PBXBuildFile; fileRef = 19EACB102B0AC54700ECE599 /* FilterViewController.swift */; };
		19EACB132B0AD2B900ECE599 /* RedEyeViewController.swift in Sources */ = {isa = PBXBuildFile; fileRef = 19EACB122B0AD2B900ECE599 /* RedEyeViewController.swift */; };
/* End PBXBuildFile section */

/* Begin PBXFileReference section */
		1959CD842B0C212900EB693E /* BlurViewController.swift */ = {isa = PBXFileReference; lastKnownFileType = sourcecode.swift; path = BlurViewController.swift; sourceTree = "<group>"; };
		1959CD862B0C2AB000EB693E /* SepiaViewController.swift */ = {isa = PBXFileReference; lastKnownFileType = sourcecode.swift; path = SepiaViewController.swift; sourceTree = "<group>"; };
		1959CD882B0C346900EB693E /* InvertViewController.swift */ = {isa = PBXFileReference; lastKnownFileType = sourcecode.swift; path = InvertViewController.swift; sourceTree = "<group>"; };
		19C8CC262B0A54DB00B9D374 /* CoreImageDemoApp.app */ = {isa = PBXFileReference; explicitFileType = wrapper.application; includeInIndex = 0; path = CoreImageDemoApp.app; sourceTree = BUILT_PRODUCTS_DIR; };
		19C8CC292B0A54DB00B9D374 /* AppDelegate.swift */ = {isa = PBXFileReference; lastKnownFileType = sourcecode.swift; path = AppDelegate.swift; sourceTree = "<group>"; };
		19C8CC2B2B0A54DB00B9D374 /* SceneDelegate.swift */ = {isa = PBXFileReference; lastKnownFileType = sourcecode.swift; path = SceneDelegate.swift; sourceTree = "<group>"; };
		19C8CC302B0A54DB00B9D374 /* Base */ = {isa = PBXFileReference; lastKnownFileType = file.storyboard; name = Base; path = Base.lproj/Main.storyboard; sourceTree = "<group>"; };
		19C8CC322B0A54DC00B9D374 /* Assets.xcassets */ = {isa = PBXFileReference; lastKnownFileType = folder.assetcatalog; path = Assets.xcassets; sourceTree = "<group>"; };
		19C8CC352B0A54DC00B9D374 /* Base */ = {isa = PBXFileReference; lastKnownFileType = file.storyboard; name = Base; path = Base.lproj/LaunchScreen.storyboard; sourceTree = "<group>"; };
		19C8CC372B0A54DC00B9D374 /* Info.plist */ = {isa = PBXFileReference; lastKnownFileType = text.plist.xml; path = Info.plist; sourceTree = "<group>"; };
		19EACB072B0A848800ECE599 /* FilterCell.swift */ = {isa = PBXFileReference; lastKnownFileType = sourcecode.swift; path = FilterCell.swift; sourceTree = "<group>"; };
		19EACB092B0A857300ECE599 /* FilterListViewController.swift */ = {isa = PBXFileReference; lastKnownFileType = sourcecode.swift; path = FilterListViewController.swift; sourceTree = "<group>"; };
		19EACB0E2B0AC53000ECE599 /* ErrorBlurViewController.swift */ = {isa = PBXFileReference; lastKnownFileType = sourcecode.swift; path = ErrorBlurViewController.swift; sourceTree = "<group>"; };
		19EACB102B0AC54700ECE599 /* FilterViewController.swift */ = {isa = PBXFileReference; lastKnownFileType = sourcecode.swift; path = FilterViewController.swift; sourceTree = "<group>"; };
		19EACB122B0AD2B900ECE599 /* RedEyeViewController.swift */ = {isa = PBXFileReference; lastKnownFileType = sourcecode.swift; path = RedEyeViewController.swift; sourceTree = "<group>"; };
/* End PBXFileReference section */

/* Begin PBXFrameworksBuildPhase section */
		19C8CC232B0A54DB00B9D374 /* Frameworks */ = {
			isa = PBXFrameworksBuildPhase;
			buildActionMask = 2147483647;
			files = (
			);
			runOnlyForDeploymentPostprocessing = 0;
		};
/* End PBXFrameworksBuildPhase section */

/* Begin PBXGroup section */
		19C8CC1D2B0A54DB00B9D374 = {
			isa = PBXGroup;
			children = (
				19C8CC282B0A54DB00B9D374 /* CoreImageDemoApp */,
				19C8CC272B0A54DB00B9D374 /* Products */,
			);
			sourceTree = "<group>";
		};
		19C8CC272B0A54DB00B9D374 /* Products */ = {
			isa = PBXGroup;
			children = (
				19C8CC262B0A54DB00B9D374 /* CoreImageDemoApp.app */,
			);
			name = Products;
			sourceTree = "<group>";
		};
		19C8CC282B0A54DB00B9D374 /* CoreImageDemoApp */ = {
			isa = PBXGroup;
			children = (
				19EACB0D2B0AC50E00ECE599 /* Filters */,
				19EACB0C2B0A85A500ECE599 /* FilterList */,
				19C8CC292B0A54DB00B9D374 /* AppDelegate.swift */,
				19C8CC2B2B0A54DB00B9D374 /* SceneDelegate.swift */,
				19C8CC2F2B0A54DB00B9D374 /* Main.storyboard */,
				19C8CC322B0A54DC00B9D374 /* Assets.xcassets */,
				19C8CC342B0A54DC00B9D374 /* LaunchScreen.storyboard */,
				19C8CC372B0A54DC00B9D374 /* Info.plist */,
			);
			path = CoreImageDemoApp;
			sourceTree = "<group>";
		};
		19EACB0C2B0A85A500ECE599 /* FilterList */ = {
			isa = PBXGroup;
			children = (
				19EACB072B0A848800ECE599 /* FilterCell.swift */,
				19EACB092B0A857300ECE599 /* FilterListViewController.swift */,
			);
			path = FilterList;
			sourceTree = "<group>";
		};
		19EACB0D2B0AC50E00ECE599 /* Filters */ = {
			isa = PBXGroup;
			children = (
				19EACB0E2B0AC53000ECE599 /* ErrorBlurViewController.swift */,
				19EACB102B0AC54700ECE599 /* FilterViewController.swift */,
				19EACB122B0AD2B900ECE599 /* RedEyeViewController.swift */,
				1959CD842B0C212900EB693E /* BlurViewController.swift */,
				1959CD862B0C2AB000EB693E /* SepiaViewController.swift */,
				1959CD882B0C346900EB693E /* InvertViewController.swift */,
			);
			path = Filters;
			sourceTree = "<group>";
		};
/* End PBXGroup section */

/* Begin PBXNativeTarget section */
		19C8CC252B0A54DB00B9D374 /* CoreImageDemoApp */ = {
			isa = PBXNativeTarget;
			buildConfigurationList = 19C8CC3A2B0A54DC00B9D374 /* Build configuration list for PBXNativeTarget "CoreImageDemoApp" */;
			buildPhases = (
				19C8CC222B0A54DB00B9D374 /* Sources */,
				19C8CC232B0A54DB00B9D374 /* Frameworks */,
				19C8CC242B0A54DB00B9D374 /* Resources */,
			);
			buildRules = (
			);
			dependencies = (
			);
			name = CoreImageDemoApp;
			productName = CoreImageDemoApp;
			productReference = 19C8CC262B0A54DB00B9D374 /* CoreImageDemoApp.app */;
			productType = "com.apple.product-type.application";
		};
/* End PBXNativeTarget section */

/* Begin PBXProject section */
		19C8CC1E2B0A54DB00B9D374 /* Project object */ = {
			isa = PBXProject;
			attributes = {
				BuildIndependentTargetsInParallel = 1;
				LastSwiftUpdateCheck = 1500;
				LastUpgradeCheck = 1500;
				TargetAttributes = {
					19C8CC252B0A54DB00B9D374 = {
						CreatedOnToolsVersion = 15.0;
					};
				};
			};
			buildConfigurationList = 19C8CC212B0A54DB00B9D374 /* Build configuration list for PBXProject "CoreImageDemoApp" */;
			compatibilityVersion = "Xcode 14.0";
			developmentRegion = en;
			hasScannedForEncodings = 0;
			knownRegions = (
				en,
				Base,
			);
			mainGroup = 19C8CC1D2B0A54DB00B9D374;
			productRefGroup = 19C8CC272B0A54DB00B9D374 /* Products */;
			projectDirPath = "";
			projectRoot = "";
			targets = (
				19C8CC252B0A54DB00B9D374 /* CoreImageDemoApp */,
			);
		};
/* End PBXProject section */

/* Begin PBXResourcesBuildPhase section */
		19C8CC242B0A54DB00B9D374 /* Resources */ = {
			isa = PBXResourcesBuildPhase;
			buildActionMask = 2147483647;
			files = (
				19C8CC362B0A54DC00B9D374 /* LaunchScreen.storyboard in Resources */,
				19C8CC332B0A54DC00B9D374 /* Assets.xcassets in Resources */,
				19C8CC312B0A54DB00B9D374 /* Main.storyboard in Resources */,
			);
			runOnlyForDeploymentPostprocessing = 0;
		};
/* End PBXResourcesBuildPhase section */

/* Begin PBXSourcesBuildPhase section */
		19C8CC222B0A54DB00B9D374 /* Sources */ = {
			isa = PBXSourcesBuildPhase;
			buildActionMask = 2147483647;
			files = (
				19EACB112B0AC54700ECE599 /* FilterViewController.swift in Sources */,
				19C8CC2A2B0A54DB00B9D374 /* AppDelegate.swift in Sources */,
				1959CD872B0C2AB000EB693E /* SepiaViewController.swift in Sources */,
				19EACB132B0AD2B900ECE599 /* RedEyeViewController.swift in Sources */,
				19EACB0A2B0A857300ECE599 /* FilterListViewController.swift in Sources */,
				19EACB082B0A848800ECE599 /* FilterCell.swift in Sources */,
				1959CD892B0C346900EB693E /* InvertViewController.swift in Sources */,
				19EACB0F2B0AC53000ECE599 /* ErrorBlurViewController.swift in Sources */,
				19C8CC2C2B0A54DB00B9D374 /* SceneDelegate.swift in Sources */,
				1959CD852B0C212900EB693E /* BlurViewController.swift in Sources */,
			);
			runOnlyForDeploymentPostprocessing = 0;
		};
/* End PBXSourcesBuildPhase section */

/* Begin PBXVariantGroup section */
		19C8CC2F2B0A54DB00B9D374 /* Main.storyboard */ = {
			isa = PBXVariantGroup;
			children = (
				19C8CC302B0A54DB00B9D374 /* Base */,
			);
			name = Main.storyboard;
			sourceTree = "<group>";
		};
		19C8CC342B0A54DC00B9D374 /* LaunchScreen.storyboard */ = {
			isa = PBXVariantGroup;
			children = (
				19C8CC352B0A54DC00B9D374 /* Base */,
			);
			name = LaunchScreen.storyboard;
			sourceTree = "<group>";
		};
/* End PBXVariantGroup section */

/* Begin XCBuildConfiguration section */
		19C8CC382B0A54DC00B9D374 /* Debug */ = {
			isa = XCBuildConfiguration;
			buildSettings = {
				ALWAYS_SEARCH_USER_PATHS = NO;
				ASSETCATALOG_COMPILER_GENERATE_SWIFT_ASSET_SYMBOL_EXTENSIONS = YES;
				CLANG_ANALYZER_NONNULL = YES;
				CLANG_ANALYZER_NUMBER_OBJECT_CONVERSION = YES_AGGRESSIVE;
				CLANG_CXX_LANGUAGE_STANDARD = "gnu++20";
				CLANG_ENABLE_MODULES = YES;
				CLANG_ENABLE_OBJC_ARC = YES;
				CLANG_ENABLE_OBJC_WEAK = YES;
				CLANG_WARN_BLOCK_CAPTURE_AUTORELEASING = YES;
				CLANG_WARN_BOOL_CONVERSION = YES;
				CLANG_WARN_COMMA = YES;
				CLANG_WARN_CONSTANT_CONVERSION = YES;
				CLANG_WARN_DEPRECATED_OBJC_IMPLEMENTATIONS = YES;
				CLANG_WARN_DIRECT_OBJC_ISA_USAGE = YES_ERROR;
				CLANG_WARN_DOCUMENTATION_COMMENTS = YES;
				CLANG_WARN_EMPTY_BODY = YES;
				CLANG_WARN_ENUM_CONVERSION = YES;
				CLANG_WARN_INFINITE_RECURSION = YES;
				CLANG_WARN_INT_CONVERSION = YES;
				CLANG_WARN_NON_LITERAL_NULL_CONVERSION = YES;
				CLANG_WARN_OBJC_IMPLICIT_RETAIN_SELF = YES;
				CLANG_WARN_OBJC_LITERAL_CONVERSION = YES;
				CLANG_WARN_OBJC_ROOT_CLASS = YES_ERROR;
				CLANG_WARN_QUOTED_INCLUDE_IN_FRAMEWORK_HEADER = YES;
				CLANG_WARN_RANGE_LOOP_ANALYSIS = YES;
				CLANG_WARN_STRICT_PROTOTYPES = YES;
				CLANG_WARN_SUSPICIOUS_MOVE = YES;
				CLANG_WARN_UNGUARDED_AVAILABILITY = YES_AGGRESSIVE;
				CLANG_WARN_UNREACHABLE_CODE = YES;
				CLANG_WARN__DUPLICATE_METHOD_MATCH = YES;
				COPY_PHASE_STRIP = NO;
				DEBUG_INFORMATION_FORMAT = dwarf;
				ENABLE_STRICT_OBJC_MSGSEND = YES;
				ENABLE_TESTABILITY = YES;
				ENABLE_USER_SCRIPT_SANDBOXING = YES;
				GCC_C_LANGUAGE_STANDARD = gnu17;
				GCC_DYNAMIC_NO_PIC = NO;
				GCC_NO_COMMON_BLOCKS = YES;
				GCC_OPTIMIZATION_LEVEL = 0;
				GCC_PREPROCESSOR_DEFINITIONS = (
					"DEBUG=1",
					"$(inherited)",
				);
				GCC_WARN_64_TO_32_BIT_CONVERSION = YES;
				GCC_WARN_ABOUT_RETURN_TYPE = YES_ERROR;
				GCC_WARN_UNDECLARED_SELECTOR = YES;
				GCC_WARN_UNINITIALIZED_AUTOS = YES_AGGRESSIVE;
				GCC_WARN_UNUSED_FUNCTION = YES;
				GCC_WARN_UNUSED_VARIABLE = YES;
				IPHONEOS_DEPLOYMENT_TARGET = 17.0;
				LOCALIZATION_PREFERS_STRING_CATALOGS = YES;
				MTL_ENABLE_DEBUG_INFO = INCLUDE_SOURCE;
				MTL_FAST_MATH = YES;
				ONLY_ACTIVE_ARCH = YES;
				SDKROOT = iphoneos;
				SWIFT_ACTIVE_COMPILATION_CONDITIONS = "DEBUG $(inherited)";
				SWIFT_OPTIMIZATION_LEVEL = "-Onone";
			};
			name = Debug;
		};
		19C8CC392B0A54DC00B9D374 /* Release */ = {
			isa = XCBuildConfiguration;
			buildSettings = {
				ALWAYS_SEARCH_USER_PATHS = NO;
				ASSETCATALOG_COMPILER_GENERATE_SWIFT_ASSET_SYMBOL_EXTENSIONS = YES;
				CLANG_ANALYZER_NONNULL = YES;
				CLANG_ANALYZER_NUMBER_OBJECT_CONVERSION = YES_AGGRESSIVE;
				CLANG_CXX_LANGUAGE_STANDARD = "gnu++20";
				CLANG_ENABLE_MODULES = YES;
				CLANG_ENABLE_OBJC_ARC = YES;
				CLANG_ENABLE_OBJC_WEAK = YES;
				CLANG_WARN_BLOCK_CAPTURE_AUTORELEASING = YES;
				CLANG_WARN_BOOL_CONVERSION = YES;
				CLANG_WARN_COMMA = YES;
				CLANG_WARN_CONSTANT_CONVERSION = YES;
				CLANG_WARN_DEPRECATED_OBJC_IMPLEMENTATIONS = YES;
				CLANG_WARN_DIRECT_OBJC_ISA_USAGE = YES_ERROR;
				CLANG_WARN_DOCUMENTATION_COMMENTS = YES;
				CLANG_WARN_EMPTY_BODY = YES;
				CLANG_WARN_ENUM_CONVERSION = YES;
				CLANG_WARN_INFINITE_RECURSION = YES;
				CLANG_WARN_INT_CONVERSION = YES;
				CLANG_WARN_NON_LITERAL_NULL_CONVERSION = YES;
				CLANG_WARN_OBJC_IMPLICIT_RETAIN_SELF = YES;
				CLANG_WARN_OBJC_LITERAL_CONVERSION = YES;
				CLANG_WARN_OBJC_ROOT_CLASS = YES_ERROR;
				CLANG_WARN_QUOTED_INCLUDE_IN_FRAMEWORK_HEADER = YES;
				CLANG_WARN_RANGE_LOOP_ANALYSIS = YES;
				CLANG_WARN_STRICT_PROTOTYPES = YES;
				CLANG_WARN_SUSPICIOUS_MOVE = YES;
				CLANG_WARN_UNGUARDED_AVAILABILITY = YES_AGGRESSIVE;
				CLANG_WARN_UNREACHABLE_CODE = YES;
				CLANG_WARN__DUPLICATE_METHOD_MATCH = YES;
				COPY_PHASE_STRIP = NO;
				DEBUG_INFORMATION_FORMAT = "dwarf-with-dsym";
				ENABLE_NS_ASSERTIONS = NO;
				ENABLE_STRICT_OBJC_MSGSEND = YES;
				ENABLE_USER_SCRIPT_SANDBOXING = YES;
				GCC_C_LANGUAGE_STANDARD = gnu17;
				GCC_NO_COMMON_BLOCKS = YES;
				GCC_WARN_64_TO_32_BIT_CONVERSION = YES;
				GCC_WARN_ABOUT_RETURN_TYPE = YES_ERROR;
				GCC_WARN_UNDECLARED_SELECTOR = YES;
				GCC_WARN_UNINITIALIZED_AUTOS = YES_AGGRESSIVE;
				GCC_WARN_UNUSED_FUNCTION = YES;
				GCC_WARN_UNUSED_VARIABLE = YES;
				IPHONEOS_DEPLOYMENT_TARGET = 17.0;
				LOCALIZATION_PREFERS_STRING_CATALOGS = YES;
				MTL_ENABLE_DEBUG_INFO = NO;
				MTL_FAST_MATH = YES;
				SDKROOT = iphoneos;
				SWIFT_COMPILATION_MODE = wholemodule;
				VALIDATE_PRODUCT = YES;
			};
			name = Release;
		};
		19C8CC3B2B0A54DC00B9D374 /* Debug */ = {
			isa = XCBuildConfiguration;
			buildSettings = {
				ASSETCATALOG_COMPILER_APPICON_NAME = AppIcon;
				ASSETCATALOG_COMPILER_GLOBAL_ACCENT_COLOR_NAME = AccentColor;
				CODE_SIGN_STYLE = Automatic;
				CURRENT_PROJECT_VERSION = 1;
				GENERATE_INFOPLIST_FILE = YES;
				INFOPLIST_FILE = CoreImageDemoApp/Info.plist;
				INFOPLIST_KEY_UIApplicationSupportsIndirectInputEvents = YES;
				INFOPLIST_KEY_UILaunchStoryboardName = LaunchScreen;
				INFOPLIST_KEY_UIMainStoryboardFile = Main;
				INFOPLIST_KEY_UISupportedInterfaceOrientations_iPad = "UIInterfaceOrientationPortrait UIInterfaceOrientationPortraitUpsideDown UIInterfaceOrientationLandscapeLeft UIInterfaceOrientationLandscapeRight";
				INFOPLIST_KEY_UISupportedInterfaceOrientations_iPhone = "UIInterfaceOrientationPortrait UIInterfaceOrientationLandscapeLeft UIInterfaceOrientationLandscapeRight";
				LD_RUNPATH_SEARCH_PATHS = (
					"$(inherited)",
					"@executable_path/Frameworks",
				);
				MARKETING_VERSION = 1.0;
				PRODUCT_BUNDLE_IDENTIFIER = de.rwth.aachen.CoreImageDemoApp;
				PRODUCT_NAME = "$(TARGET_NAME)";
				SWIFT_EMIT_LOC_STRINGS = YES;
				SWIFT_VERSION = 5.0;
				TARGETED_DEVICE_FAMILY = "1,2";
			};
			name = Debug;
		};
		19C8CC3C2B0A54DC00B9D374 /* Release */ = {
			isa = XCBuildConfiguration;
			buildSettings = {
				ASSETCATALOG_COMPILER_APPICON_NAME = AppIcon;
				ASSETCATALOG_COMPILER_GLOBAL_ACCENT_COLOR_NAME = AccentColor;
				CODE_SIGN_STYLE = Automatic;
				CURRENT_PROJECT_VERSION = 1;
				GENERATE_INFOPLIST_FILE = YES;
				INFOPLIST_FILE = CoreImageDemoApp/Info.plist;
				INFOPLIST_KEY_UIApplicationSupportsIndirectInputEvents = YES;
				INFOPLIST_KEY_UILaunchStoryboardName = LaunchScreen;
				INFOPLIST_KEY_UIMainStoryboardFile = Main;
				INFOPLIST_KEY_UISupportedInterfaceOrientations_iPad = "UIInterfaceOrientationPortrait UIInterfaceOrientationPortraitUpsideDown UIInterfaceOrientationLandscapeLeft UIInterfaceOrientationLandscapeRight";
				INFOPLIST_KEY_UISupportedInterfaceOrientations_iPhone = "UIInterfaceOrientationPortrait UIInterfaceOrientationLandscapeLeft UIInterfaceOrientationLandscapeRight";
				LD_RUNPATH_SEARCH_PATHS = (
					"$(inherited)",
					"@executable_path/Frameworks",
				);
				MARKETING_VERSION = 1.0;
				PRODUCT_BUNDLE_IDENTIFIER = de.rwth.aachen.CoreImageDemoApp;
				PRODUCT_NAME = "$(TARGET_NAME)";
				SWIFT_EMIT_LOC_STRINGS = YES;
				SWIFT_VERSION = 5.0;
				TARGETED_DEVICE_FAMILY = "1,2";
			};
			name = Release;
		};
/* End XCBuildConfiguration section */

/* Begin XCConfigurationList section */
		19C8CC212B0A54DB00B9D374 /* Build configuration list for PBXProject "CoreImageDemoApp" */ = {
			isa = XCConfigurationList;
			buildConfigurations = (
				19C8CC382B0A54DC00B9D374 /* Debug */,
				19C8CC392B0A54DC00B9D374 /* Release */,
			);
			defaultConfigurationIsVisible = 0;
			defaultConfigurationName = Release;
		};
		19C8CC3A2B0A54DC00B9D374 /* Build configuration list for PBXNativeTarget "CoreImageDemoApp" */ = {
			isa = XCConfigurationList;
			buildConfigurations = (
				19C8CC3B2B0A54DC00B9D374 /* Debug */,
				19C8CC3C2B0A54DC00B9D374 /* Release */,
			);
			defaultConfigurationIsVisible = 0;
			defaultConfigurationName = Release;
		};
/* End XCConfigurationList section */
	};
	rootObject = 19C8CC1E2B0A54DB00B9D374 /* Project object */;
}
